#MicroXplorer Configuration settings - do not modify
Mcu.Family=STM32F4
ProjectManager.MainLocation=Core/Src
Dma.TIM2_CH1.0.MemInc=DMA_MINC_ENABLE
SH.S_TIM4_CH2.ConfNb=1
USB_DEVICE.CLASS_NAME_FS=CDC
USART2.IPParameters=VirtualMode,BaudRate,WordLength,Parity,StopBits
RCC.CortexFreq_Value=72000000
ProjectManager.KeepUserCode=true
Mcu.UserName=STM32F411CEUx
RCC.PLLCLKFreq_Value=72000000
RCC.PLLQCLKFreq_Value=48000000
USART2.Parity=PARITY_EVEN
ProjectManager.functionlistsort=1-MX_GPIO_Init-GPIO-false-HAL-true,2-MX_DMA_Init-DMA-false-HAL-true,3-SystemClock_Config-RCC-false-HAL-false,4-MX_TIM2_Init-TIM2-false-HAL-true,5-MX_TIM4_Init-TIM4-false-HAL-true,6-MX_USART2_UART_Init-USART2-false-HAL-true,7-MX_USB_DEVICE_Init-USB_DEVICE-false-HAL-false
PA11.Mode=Device_Only
RCC.RTCFreq_Value=32000
Dma.TIM2_CH1.0.Instance=DMA1_Stream5
PinOutPanel.RotationAngle=0
Dma.TIM2_CH3/UP.1.RequestParameters=Instance,Direction,PeriphInc,MemInc,PeriphDataAlignment,MemDataAlignment,Mode,Priority,FIFOMode
Dma.TIM4_CH2.3.Direction=DMA_MEMORY_TO_PERIPH
RCC.SYSCLKSource=RCC_SYSCLKSOURCE_PLLCLK
ProjectManager.StackSize=0x400
Mcu.IP4=TIM2
RCC.FCLKCortexFreq_Value=72000000
Mcu.IP5=TIM4
NVIC.SVCall_IRQn=true\:0\:0\:false\:false\:true\:false\:false
Mcu.IP2=RCC
Mcu.IP3=SYS
Mcu.IP0=DMA
Dma.TIM4_CH2.3.FIFOMode=DMA_FIFOMODE_DISABLE
Mcu.IP1=NVIC
PA12.Signal=USB_OTG_FS_DP
Mcu.UserConstants=
PH0\ -\ OSC_IN.Signal=RCC_OSC_IN
Dma.TIM4_CH1.2.Direction=DMA_MEMORY_TO_PERIPH
Mcu.ThirdPartyNb=0
Dma.TIM4_CH1.2.Priority=DMA_PRIORITY_LOW
Dma.TIM4_CH1.2.RequestParameters=Instance,Direction,PeriphInc,MemInc,PeriphDataAlignment,MemDataAlignment,Mode,Priority,FIFOMode
RCC.HCLKFreq_Value=72000000
Mcu.IPNb=9
RCC.I2SClocksFreq_Value=48000000
TIM2.IPParameters=Channel-PWM Generation1 CH1,Channel-PWM Generation3 CH3,Prescaler,Period
ProjectManager.PreviousToolchain=SW4STM32
RCC.APB2TimFreq_Value=72000000
PB6.Signal=S_TIM4_CH1
RCC.VcooutputI2S=48000000
Mcu.Pin6=PA11
VP_TIM2_VS_ClockSourceINT.Signal=TIM2_VS_ClockSourceINT
Mcu.Pin7=PA12
Mcu.Pin8=PB6
Mcu.Pin9=PB7
RCC.AHBFreq_Value=72000000
Mcu.Pin0=PH0 - OSC_IN
Mcu.Pin1=PH1 - OSC_OUT
GPIO.groupedBy=
Mcu.Pin2=PA0-WKUP
Mcu.Pin3=PA2
Dma.TIM4_CH1.2.Mode=DMA_CIRCULAR
Mcu.Pin4=PA3
Mcu.Pin5=PB10
ProjectManager.ProjectBuild=false
RCC.HSE_VALUE=8000000
NVIC.UsageFault_IRQn=true\:0\:0\:false\:false\:true\:false\:false
NVIC.DebugMonitor_IRQn=true\:0\:0\:false\:false\:true\:false\:false
NVIC.SysTick_IRQn=true\:0\:0\:false\:false\:true\:false\:true
ProjectManager.FirmwarePackage=STM32Cube FW_F4 V1.25.1
MxDb.Version=DB.6.0.0
Dma.TIM4_CH1.2.MemDataAlignment=DMA_MDATAALIGN_HALFWORD
ProjectManager.BackupPrevious=false
Dma.TIM4_CH1.2.MemInc=DMA_MINC_ENABLE
RCC.VCOInputFreq_Value=2000000
Dma.TIM2_CH1.0.RequestParameters=Instance,Direction,PeriphInc,MemInc,PeriphDataAlignment,MemDataAlignment,Mode,Priority,FIFOMode
File.Version=6
SH.S_TIM4_CH2.0=TIM4_CH2,PWM Generation2 CH2
PB7.Signal=S_TIM4_CH2
Dma.TIM4_CH2.3.Instance=DMA1_Stream3
TIM2.Channel-PWM\ Generation1\ CH1=TIM_CHANNEL_1
NVIC.PendSV_IRQn=true\:0\:0\:false\:false\:true\:false\:false
TIM4.Period=120
Dma.RequestsNb=4
ProjectManager.HalAssertFull=false
ProjectManager.ProjectName=accelerotor
Mcu.Package=UFQFPN48
TIM2.Prescaler=1
Dma.TIM2_CH1.0.FIFOMode=DMA_FIFOMODE_DISABLE
Dma.TIM4_CH1.2.FIFOMode=DMA_FIFOMODE_DISABLE
Dma.TIM2_CH3/UP.1.MemDataAlignment=DMA_MDATAALIGN_WORD
USART2.VirtualMode=VM_ASYNC
NVIC.OTG_FS_IRQn=true\:0\:0\:false\:false\:true\:true\:true
ProjectManager.ToolChainLocation=
RCC.LSI_VALUE=32000
VP_SYS_VS_Systick.Signal=SYS_VS_Systick
USB_OTG_FS.VirtualMode=Device_Only
VP_USB_DEVICE_VS_USB_DEVICE_CDC_FS.Signal=USB_DEVICE_VS_USB_DEVICE_CDC_FS
USART2.WordLength=WORDLENGTH_9B
Dma.TIM2_CH1.0.PeriphDataAlignment=DMA_PDATAALIGN_WORD
SH.S_TIM4_CH1.0=TIM4_CH1,PWM Generation1 CH1
Dma.Request2=TIM4_CH1
Dma.TIM4_CH1.2.Instance=DMA1_Stream0
Dma.Request1=TIM2_CH3/UP
Dma.TIM2_CH3/UP.1.Direction=DMA_MEMORY_TO_PERIPH
RCC.APB1TimFreq_Value=72000000
Dma.TIM2_CH3/UP.1.Priority=DMA_PRIORITY_LOW
Dma.Request3=TIM4_CH2
NVIC.BusFault_IRQn=true\:0\:0\:false\:false\:true\:false\:false
NVIC.DMA1_Stream0_IRQn=true\:0\:0\:false\:false\:true\:false\:true
USB_OTG_FS.IPParameters=VirtualMode
Dma.Request0=TIM2_CH1
Dma.TIM2_CH1.0.Direction=DMA_MEMORY_TO_PERIPH
ProjectManager.CustomerFirmwarePackage=
PA3.Signal=USART2_RX
Dma.TIM2_CH3/UP.1.Instance=DMA1_Stream1
TIM4.Channel-PWM\ Generation1\ CH1=TIM_CHANNEL_1
SH.S_TIM4_CH1.ConfNb=1
Dma.TIM2_CH3/UP.1.MemInc=DMA_MINC_ENABLE
ProjectManager.ProjectFileName=accelerotor.ioc
Mcu.PinsNb=14
ProjectManager.NoMain=false
USB_DEVICE.VirtualModeFS=Cdc_FS
Dma.TIM4_CH1.2.PeriphInc=DMA_PINC_DISABLE
Dma.TIM4_CH2.3.PeriphDataAlignment=DMA_PDATAALIGN_HALFWORD
PH1\ -\ OSC_OUT.Mode=HSE-External-Oscillator
ProjectManager.DefaultFWLocation=true
Dma.TIM4_CH2.3.PeriphInc=DMA_PINC_DISABLE
Dma.TIM4_CH1.2.PeriphDataAlignment=DMA_PDATAALIGN_HALFWORD
NVIC.DMA1_Stream1_IRQn=true\:0\:0\:false\:false\:true\:false\:true
ProjectManager.DeletePrevious=true
RCC.APB1CLKDivider=RCC_HCLK_DIV2
USB_DEVICE.IPParameters=VirtualMode,VirtualModeFS,CLASS_NAME_FS
Dma.TIM2_CH3/UP.1.Mode=DMA_CIRCULAR
NVIC.USART2_IRQn=true\:0\:0\:false\:false\:true\:true\:true
USART2.BaudRate=100000
SH.S_TIM2_CH1_ETR.ConfNb=1
RCC.FamilyName=M
PA0-WKUP.Signal=S_TIM2_CH1_ETR
PA3.Mode=Asynchronous
PH0\ -\ OSC_IN.Mode=HSE-External-Oscillator
VP_TIM4_VS_ClockSourceINT.Signal=TIM4_VS_ClockSourceINT
ProjectManager.TargetToolchain=SW4STM32
TIM4.IPParameters=Channel-PWM Generation1 CH1,Channel-PWM Generation2 CH2,Prescaler,Period
Dma.TIM4_CH2.3.MemInc=DMA_MINC_ENABLE
NVIC.DMA1_Stream5_IRQn=true\:0\:0\:false\:false\:true\:false\:true
VP_USB_DEVICE_VS_USB_DEVICE_CDC_FS.Mode=CDC_FS
Dma.TIM2_CH3/UP.1.FIFOMode=DMA_FIFOMODE_DISABLE
RCC.VCOInputMFreq_Value=500000
ProjectManager.RegisterCallBack=
TIM4.Prescaler=1
RCC.LSE_VALUE=32768
PB10.Signal=S_TIM2_CH3
RCC.VCOI2SOutputFreq_Value=96000000
PH1\ -\ OSC_OUT.Signal=RCC_OSC_OUT
board=custom
RCC.VCOOutputFreq_Value=144000000
ProjectManager.LastFirmware=true
TIM4.Channel-PWM\ Generation2\ CH2=TIM_CHANNEL_2
RCC.APB2Freq_Value=72000000
USART2.StopBits=STOPBITS_2
Dma.TIM2_CH1.0.Priority=DMA_PRIORITY_LOW
MxCube.Version=6.0.1
VP_TIM2_VS_ClockSourceINT.Mode=Internal
SH.S_TIM2_CH3.0=TIM2_CH3,PWM Generation3 CH3
VP_SYS_VS_Systick.Mode=SysTick
RCC.EthernetFreq_Value=72000000
TIM2.Channel-PWM\ Generation3\ CH3=TIM_CHANNEL_3
Dma.TIM4_CH2.3.Mode=DMA_CIRCULAR
NVIC.NonMaskableInt_IRQn=true\:0\:0\:false\:false\:true\:false\:false
SH.S_TIM2_CH3.ConfNb=1
TIM2.Period=120
ProjectManager.FreePins=false
RCC.IPParameters=48MHZClocksFreq_Value,AHBFreq_Value,APB1CLKDivider,APB1Freq_Value,APB1TimFreq_Value,APB2Freq_Value,APB2TimFreq_Value,CortexFreq_Value,EthernetFreq_Value,FCLKCortexFreq_Value,FamilyName,HCLKFreq_Value,HSE_VALUE,HSI_VALUE,I2SClocksFreq_Value,LSE_VALUE,LSI_VALUE,PLLCLKFreq_Value,PLLM,PLLN,PLLQ,PLLQCLKFreq_Value,RTCFreq_Value,RTCHSEDivFreq_Value,SYSCLKFreq_VALUE,SYSCLKSource,VCOI2SOutputFreq_Value,VCOInputFreq_Value,VCOInputMFreq_Value,VCOOutputFreq_Value,VcooutputI2S
Dma.TIM2_CH3/UP.1.PeriphDataAlignment=DMA_PDATAALIGN_WORD
ProjectManager.AskForMigrate=true
Mcu.Name=STM32F411C(C-E)Ux
RCC.RTCHSEDivFreq_Value=4000000
PA2.Signal=USART2_TX
ProjectManager.UnderRoot=true
Mcu.IP8=USB_OTG_FS
Mcu.IP6=USART2
Mcu.IP7=USB_DEVICE
ProjectManager.CoupleFile=false
RCC.48MHZClocksFreq_Value=48000000
RCC.SYSCLKFreq_VALUE=72000000
Dma.TIM2_CH1.0.Mode=DMA_CIRCULAR
PA12.Mode=Device_Only
Dma.TIM4_CH2.3.Priority=DMA_PRIORITY_LOW
NVIC.ForceEnableDMAVector=true
KeepUserPlacement=false
Dma.TIM4_CH2.3.RequestParameters=Instance,Direction,PeriphInc,MemInc,PeriphDataAlignment,MemDataAlignment,Mode,Priority,FIFOMode
NVIC.MemoryManagement_IRQn=true\:0\:0\:false\:false\:true\:false\:false
ProjectManager.CompilerOptimize=6
PA11.Signal=USB_OTG_FS_DM
SH.S_TIM2_CH1_ETR.0=TIM2_CH1,PWM Generation1 CH1
Dma.TIM2_CH1.0.MemDataAlignment=DMA_MDATAALIGN_WORD
Dma.TIM2_CH3/UP.1.PeriphInc=DMA_PINC_DISABLE
ProjectManager.HeapSize=0x200
NVIC.HardFault_IRQn=true\:0\:0\:false\:false\:true\:false\:false
Mcu.Pin13=VP_USB_DEVICE_VS_USB_DEVICE_CDC_FS
ProjectManager.ComputerToolchain=false
RCC.HSI_VALUE=16000000
VP_TIM4_VS_ClockSourceINT.Mode=Internal
RCC.PLLQ=3
NVIC.PriorityGroup=NVIC_PRIORITYGROUP_4
Mcu.Pin11=VP_TIM2_VS_ClockSourceINT
Mcu.Pin12=VP_TIM4_VS_ClockSourceINT
RCC.PLLM=4
RCC.PLLN=72
Mcu.Pin10=VP_SYS_VS_Systick
PA2.Mode=Asynchronous
NVIC.DMA1_Stream3_IRQn=true\:0\:0\:false\:false\:true\:false\:true
RCC.APB1Freq_Value=36000000
USB_DEVICE.VirtualMode=Cdc
Dma.TIM2_CH1.0.PeriphInc=DMA_PINC_DISABLE
Dma.TIM4_CH2.3.MemDataAlignment=DMA_MDATAALIGN_HALFWORD
ProjectManager.DeviceId=STM32F411CEUx
ProjectManager.LibraryCopy=1
